
Microsoft Visual Studio Solution File, Format Version 12.00
# Visual Studio Version 16
VisualStudioVersion = 16.0.31702.278
MinimumVisualStudioVersion = 10.0.40219.1
Project("{FAE04EC0-301F-11D3-BF4B-00C04F79EFBC}") = "Shuvalov_Roman_PRI_118_lab_10", "Shuvalov_Roman_PRI_118_lab_10.csproj", "{7F17717A-47D5-46EA-B985-5A3492AD86EF}"
EndProject
Global
	GlobalSection(SolutionConfigurationPlatforms) = preSolution
		Debug|Any CPU = Debug|Any CPU
		Release|Any CPU = Release|Any CPU
	EndGlobalSection
	GlobalSection(ProjectConfigurationPlatforms) = postSolution
		{7F17717A-47D5-46EA-B985-5A3492AD86EF}.Debug|Any CPU.ActiveCfg = Debug|Any CPU
		{7F17717A-47D5-46EA-B985-5A3492AD86EF}.Debug|Any CPU.Build.0 = Debug|Any CPU
		{7F17717A-47D5-46EA-B985-5A3492AD86EF}.Release|Any CPU.ActiveCfg = Release|Any CPU
		{7F17717A-47D5-46EA-B985-5A3492AD86EF}.Release|Any CPU.Build.0 = Release|Any CPU
	EndGlobalSection
	GlobalSection(SolutionProperties) = preSolution
		HideSolutionNode = FALSE
	EndGlobalSection
	GlobalSection(ExtensibilityGlobals) = postSolution
		SolutionGuid = {4E6E5616-9BBF-4D7C-A07A-512AB8F957E8}
	EndGlobalSection
EndGlobal
